
Microsoft Visual Studio Solution File, Format Version 12.00
# Visual Studio 2012
Project("{FAE04EC0-301F-11D3-BF4B-00C04F79EFBC}") = "酒店信息管理系统", "酒店信息管理系统\酒店信息管理系统.csproj", "{14902710-7388-425B-8654-1DF250760AC2}"
EndProject
Global
	GlobalSection(SolutionConfigurationPlatforms) = preSolution
		Debug|Any CPU = Debug|Any CPU
		Release|Any CPU = Release|Any CPU
	EndGlobalSection
	GlobalSection(ProjectConfigurationPlatforms) = postSolution
		{14902710-7388-425B-8654-1DF250760AC2}.Debug|Any CPU.ActiveCfg = Debug|Any CPU
		{14902710-7388-425B-8654-1DF250760AC2}.Debug|Any CPU.Build.0 = Debug|Any CPU
		{14902710-7388-425B-8654-1DF250760AC2}.Release|Any CPU.ActiveCfg = Release|Any CPU
		{14902710-7388-425B-8654-1DF250760AC2}.Release|Any CPU.Build.0 = Release|Any CPU
	EndGlobalSection
	GlobalSection(SolutionProperties) = preSolution
		HideSolutionNode = FALSE
	EndGlobalSection
EndGlobal
